
Microsoft Visual Studio Solution File, Format Version 12.00
# Visual Studio Version 16
VisualStudioVersion = 16.0.32413.511
MinimumVisualStudioVersion = 10.0.40219.1
Project("{FAE04EC0-301F-11D3-BF4B-00C04F79EFBC}") = "DistancePoints", "DistancePoints\DistancePoints.csproj", "{D2B9F6B2-7C6C-49D0-B601-4ECEAA42E556}"
EndProject
Global
	GlobalSection(SolutionConfigurationPlatforms) = preSolution
		Debug|Any CPU = Debug|Any CPU
		Release|Any CPU = Release|Any CPU
	EndGlobalSection
	GlobalSection(ProjectConfigurationPlatforms) = postSolution
		{D2B9F6B2-7C6C-49D0-B601-4ECEAA42E556}.Debug|Any CPU.ActiveCfg = Debug|Any CPU
		{D2B9F6B2-7C6C-49D0-B601-4ECEAA42E556}.Debug|Any CPU.Build.0 = Debug|Any CPU
		{D2B9F6B2-7C6C-49D0-B601-4ECEAA42E556}.Release|Any CPU.ActiveCfg = Release|Any CPU
		{D2B9F6B2-7C6C-49D0-B601-4ECEAA42E556}.Release|Any CPU.Build.0 = Release|Any CPU
	EndGlobalSection
	GlobalSection(SolutionProperties) = preSolution
		HideSolutionNode = FALSE
	EndGlobalSection
	GlobalSection(ExtensibilityGlobals) = postSolution
		SolutionGuid = {738BED37-411D-4C78-95A3-6424E7D6DFEF}
	EndGlobalSection
EndGlobal
